PODS:
  - AFNetworking (3.1.0):
    - AFNetworking/NSURLSession (= 3.1.0)
    - AFNetworking/Reachability (= 3.1.0)
    - AFNetworking/Security (= 3.1.0)
    - AFNetworking/Serialization (= 3.1.0)
    - AFNetworking/UIKit (= 3.1.0)
  - AFNetworking/NSURLSession (3.1.0):
    - AFNetworking/Reachability
    - AFNetworking/Security
    - AFNetworking/Serialization
  - AFNetworking/Reachability (3.1.0)
  - AFNetworking/Security (3.1.0)
  - AFNetworking/Serialization (3.1.0)
  - AFNetworking/UIKit (3.1.0):
    - AFNetworking/NSURLSession
  - AlibabaAuthSDK (1.1.0.32):
    - BCUserTrack
    - mtop
    - SecurityGuardSDK
    - SGMain
    - SGSecurityBody
  - AlibcLinkPartnerSDK (1.1.1.2):
    - UTDID
  - AlibcTradeSDK (3.1.1.206):
    - AlibabaAuthSDK
    - AlibcLinkPartnerSDK
    - AlipaySDK (= 2.0.0-bc)
    - BCUserTrack
    - mtop
    - SecurityGuardSDK
    - SGMain
    - TUnionTradeSDK
  - AlipaySDK (2.0.0-bc)
  - BCUserTrack (5.1.0.9):
    - UTDID
  - FMDB (2.7.5):
    - FMDB/standard (= 2.7.5)
  - FMDB/standard (2.7.5)
  - IQKeyboardManager (3.3.7)
  - JCore (1.2.2)
  - JPush (3.1.0):
    - JCore (~> 1.2.0)
  - JRDB (2.1.1):
    - FMDB
  - LYEmptyView (1.2.2)
  - Masonry (1.1.0)
  - MJExtension (3.0.15.1)
  - MJRefresh (3.1.15.7)
  - MMDrawerController (0.5.7):
    - MMDrawerController/Core (= 0.5.7)
    - MMDrawerController/MMDrawerBarButtonItem (= 0.5.7)
    - MMDrawerController/MMDrawerVisualStates (= 0.5.7)
    - MMDrawerController/Subclass (= 0.5.7)
  - MMDrawerController/Core (0.5.7)
  - MMDrawerController/MMDrawerBarButtonItem (0.5.7):
    - MMDrawerController/Core
  - MMDrawerController/MMDrawerVisualStates (0.5.7):
    - MMDrawerController/Core
  - MMDrawerController/Subclass (0.5.7):
    - MMDrawerController/Core
  - mtop (2.0.3):
    - SecurityGuardSDK
    - SGMain
    - SGSecurityBody
  - pop (1.0.10)
  - Popover.OC (2.2)
  - SDCycleScrollView (1.65):
    - SDWebImage (~> 3.7)
  - SDWebImage (3.8.2):
    - SDWebImage/Core (= 3.8.2)
  - SDWebImage/Core (3.8.2)
  - SecurityGuardSDK (5.1.94)
  - SGMain (5.1.94):
    - SecurityGuardSDK (= 5.1.94)
  - SGSecurityBody (5.1.29):
    - SecurityGuardSDK (>= 5.1.94)
    - SGMain (>= 5.1.94)
  - SVProgressHUD (2.2.5)
  - TUnionTradeSDK (1.3.3)
  - TYAttributedLabel (2.6.6)
  - TZImagePickerController (3.0.7)
  - UMCAnalytics (5.5.1):
    - UMCCommon
  - UMCCommon (1.5.2)
  - UMCShare/Core (6.9.4):
    - UMCCommon
  - UMCShare/Social/ReducedWeChat (6.9.4):
    - UMCCommon
    - UMCShare/Core
  - UTDID (1.1.0.16)
  - VBFPopFlatButton (0.0.7):
    - pop
  - WMPlayer (5.0.0):
    - Masonry
  - YJLocationPicker (0.0.2):
    - Masonry

DEPENDENCIES:
  - AFNetworking (~> 3.1.0)
  - AlibcTradeSDK
  - IQKeyboardManager (~> 3.3.4)
  - JPush
  - JRDB
  - LYEmptyView
  - Masonry (~> 1.0)
  - MJExtension (~> 3.0.7)
  - MJRefresh (~> 3.1.1)
  - MMDrawerController (~> 0.5.7)
  - Popover.OC
  - SDCycleScrollView (~> 1.64)
  - SDWebImage (~> 3.8.2)
  - SVProgressHUD (~> 2.2.5)
  - TYAttributedLabel (~> 2.6.2)
  - TZImagePickerController
  - UMCAnalytics
  - UMCCommon
  - UMCShare/Social/ReducedWeChat
  - VBFPopFlatButton
  - WMPlayer
  - YJLocationPicker

SPEC REPOS:
  http://repo.baichuan-ios.taobao.com/baichuanSDK/AliBCSpecs.git:
    - AlibabaAuthSDK
    - AlibcLinkPartnerSDK
    - AlibcTradeSDK
    - AlipaySDK
    - BCUserTrack
    - mtop
    - SecurityGuardSDK
    - SGMain
    - SGSecurityBody
    - TUnionTradeSDK
    - UTDID
  https://github.com/cocoapods/specs.git:
    - AFNetworking
    - FMDB
    - IQKeyboardManager
    - JCore
    - JPush
    - JRDB
    - LYEmptyView
    - Masonry
    - MJExtension
    - MJRefresh
    - MMDrawerController
    - pop
    - Popover.OC
    - SDCycleScrollView
    - SDWebImage
    - SVProgressHUD
    - TYAttributedLabel
    - TZImagePickerController
    - UMCAnalytics
    - UMCCommon
    - UMCShare
    - VBFPopFlatButton
    - WMPlayer
    - YJLocationPicker

SPEC CHECKSUMS:
  AFNetworking: 5e0e199f73d8626b11e79750991f5d173d1f8b67
  AlibabaAuthSDK: b5d7c1964f195c1182d9410e3158c469d25876fa
  AlibcLinkPartnerSDK: 3308e1bccf0776a28bb697f0da6e1befe029ee12
  AlibcTradeSDK: 7a17d15eb13182a6e96aeab0c73b6d4d2bc5b00a
  AlipaySDK: a40a4099b24328d90d7ba4fb67f6ce753d7fa2c7
  BCUserTrack: 684f468b8143be7a2ed10a8c449fd959b2a3a099
  FMDB: 2ce00b547f966261cd18927a3ddb07cb6f3db82a
  IQKeyboardManager: 249c3946acf61345c18b038eb50863fe2793e3a8
  JCore: f14c0549968a63c22e246a4875aa9d428446f373
  JPush: 5921e25ad13e0386351079217b009f2039084eac
  JRDB: 3d39482c7314ee58e4c0a8617f131324ccabc214
  LYEmptyView: 12c9db1f3946fa3c812674467ad95b7ae7c93614
  Masonry: 678fab65091a9290e40e2832a55e7ab731aad201
  MJExtension: 19bc33ce2eee2d319760f5622562cf581a6ff756
  MJRefresh: 697f8ec75ebdbe9207767bb682cf0f51b0d8a41f
  MMDrawerController: 7a4cf8e25596bf2434e03ce50d22a8608ddee6a1
  mtop: 1513ec32f69174bd7c95a07d393f26ef1cad3af7
  pop: 82ca6b068ce9278fd350fd9dd09482a0ce9492e6
  Popover.OC: bfcce8307f77593e1e1d7cf58604077f74e114bc
  SDCycleScrollView: f72904c77698a7f93a41bcbbc2d78b073bf7326c
  SDWebImage: 098e97e6176540799c27e804c96653ee0833d13c
  SecurityGuardSDK: 05f6d782189160f2b23b731eed5cb314ce584855
  SGMain: 8a3008d8a709259d4868f78ae3265659e58e4416
  SGSecurityBody: 098c981416d0f04faa605642e2da3bb556419f73
  SVProgressHUD: 1428aafac632c1f86f62aa4243ec12008d7a51d6
  TUnionTradeSDK: 4d49ba32bb2a87dd3fcc644a80b0cd0d706a1e0b
  TYAttributedLabel: cb8fc910d97eb5224936d4f692a78e042af691b2
  TZImagePickerController: eec24e7c5628288a6657a942d8d296476e66251b
  UMCAnalytics: 0aff87e39008e2a650e5917430db0da2de2f8495
  UMCCommon: 4392868ac47ff1b101663106bb114ba616fabbad
  UMCShare: aa233aecad67979930fe43f3a2f676023b669439
  UTDID: c28855683c5ea2e77e597cb14609328f7d470d6e
  VBFPopFlatButton: 39e48ab56277f3d056734a9b5ec5d0cc60d69778
  WMPlayer: a914f80ed5dca7cd9e3a94ec07a2b02eec8c15c0
  YJLocationPicker: 8cbdc99433435b17562de6f5d965cc52c8873355

PODFILE CHECKSUM: a3d8689d600fff89a04980e7c8241d9ae99237b2

COCOAPODS: 1.5.3
